
Microsoft Visual Studio Solution File, Format Version 12.00
# Visual Studio Version 16
VisualStudioVersion = 16.0.30114.105
MinimumVisualStudioVersion = 10.0.40219.1
Project("{FAE04EC0-301F-11D3-BF4B-00C04F79EFBC}") = "bitrix24", "bitrix24\bitrix24.csproj", "{E8A8C88D-9D82-462C-BA9B-EB08C692DFAA}"
EndProject
Global
	GlobalSection(SolutionConfigurationPlatforms) = preSolution
		Debug|Any CPU = Debug|Any CPU
		Release|Any CPU = Release|Any CPU
	EndGlobalSection
	GlobalSection(ProjectConfigurationPlatforms) = postSolution
		{E8A8C88D-9D82-462C-BA9B-EB08C692DFAA}.Debug|Any CPU.ActiveCfg = Debug|Any CPU
		{E8A8C88D-9D82-462C-BA9B-EB08C692DFAA}.Debug|Any CPU.Build.0 = Debug|Any CPU
		{E8A8C88D-9D82-462C-BA9B-EB08C692DFAA}.Release|Any CPU.ActiveCfg = Release|Any CPU
		{E8A8C88D-9D82-462C-BA9B-EB08C692DFAA}.Release|Any CPU.Build.0 = Release|Any CPU
	EndGlobalSection
	GlobalSection(SolutionProperties) = preSolution
		HideSolutionNode = FALSE
	EndGlobalSection
	GlobalSection(ExtensibilityGlobals) = postSolution
		SolutionGuid = {E2E02F3D-A64A-4A08-82E2-9EA1AC2D3C3D}
	EndGlobalSection
EndGlobal
